
Microsoft Visual Studio Solution File, Format Version 12.00
# Visual Studio Version 17
VisualStudioVersion = 17.11.35219.272
MinimumVisualStudioVersion = 10.0.40219.1
Project("{888888A0-9F3D-457C-B088-3A5042F75D52}") = "Pyhikonstruktsioonid", "Pyhikonstruktsioonid.pyproj", "{5D22354B-51CE-41C3-BC4A-CBF6226370AA}"
EndProject
Global
	GlobalSection(SolutionConfigurationPlatforms) = preSolution
		Debug|Any CPU = Debug|Any CPU
		Release|Any CPU = Release|Any CPU
	EndGlobalSection
	GlobalSection(ProjectConfigurationPlatforms) = postSolution
		{5D22354B-51CE-41C3-BC4A-CBF6226370AA}.Debug|Any CPU.ActiveCfg = Debug|Any CPU
		{5D22354B-51CE-41C3-BC4A-CBF6226370AA}.Release|Any CPU.ActiveCfg = Release|Any CPU
	EndGlobalSection
	GlobalSection(SolutionProperties) = preSolution
		HideSolutionNode = FALSE
	EndGlobalSection
	GlobalSection(ExtensibilityGlobals) = postSolution
		SolutionGuid = {734F22B8-6C9F-4039-B602-B1975BA5B95D}
	EndGlobalSection
EndGlobal
