
Microsoft Visual Studio Solution File, Format Version 12.00
# Visual Studio Version 17
VisualStudioVersion = 17.13.35828.75 d17.13
MinimumVisualStudioVersion = 10.0.40219.1
Project("{888888A0-9F3D-457C-B088-3A5042F75D52}") = "teema8(tk)", "teema8(tk).pyproj", "{1CD83E88-3498-44CB-95F5-BDFF656E3E83}"
EndProject
Global
	GlobalSection(SolutionConfigurationPlatforms) = preSolution
		Debug|Any CPU = Debug|Any CPU
		Release|Any CPU = Release|Any CPU
	EndGlobalSection
	GlobalSection(ProjectConfigurationPlatforms) = postSolution
		{1CD83E88-3498-44CB-95F5-BDFF656E3E83}.Debug|Any CPU.ActiveCfg = Debug|Any CPU
		{1CD83E88-3498-44CB-95F5-BDFF656E3E83}.Release|Any CPU.ActiveCfg = Release|Any CPU
	EndGlobalSection
	GlobalSection(SolutionProperties) = preSolution
		HideSolutionNode = FALSE
	EndGlobalSection
	GlobalSection(ExtensibilityGlobals) = postSolution
		SolutionGuid = {F75931D4-B676-4CAB-8D73-3BF9F3BCD478}
	EndGlobalSection
EndGlobal
